
Microsoft Visual Studio Solution File, Format Version 12.00
# Visual Studio 15
VisualStudioVersion = 15.0.27703.2047
MinimumVisualStudioVersion = 10.0.40219.1
Project("{FAE04EC0-301F-11D3-BF4B-00C04F79EFBC}") = "AlumnosBD", "AlumnosBD\AlumnosBD.csproj", "{F88838AE-6165-4606-8AFE-E93892AC25DC}"
EndProject
Global
	GlobalSection(SolutionConfigurationPlatforms) = preSolution
		Debug|Any CPU = Debug|Any CPU
		Release|Any CPU = Release|Any CPU
	EndGlobalSection
	GlobalSection(ProjectConfigurationPlatforms) = postSolution
		{F88838AE-6165-4606-8AFE-E93892AC25DC}.Debug|Any CPU.ActiveCfg = Debug|Any CPU
		{F88838AE-6165-4606-8AFE-E93892AC25DC}.Debug|Any CPU.Build.0 = Debug|Any CPU
		{F88838AE-6165-4606-8AFE-E93892AC25DC}.Release|Any CPU.ActiveCfg = Release|Any CPU
		{F88838AE-6165-4606-8AFE-E93892AC25DC}.Release|Any CPU.Build.0 = Release|Any CPU
	EndGlobalSection
	GlobalSection(SolutionProperties) = preSolution
		HideSolutionNode = FALSE
	EndGlobalSection
	GlobalSection(ExtensibilityGlobals) = postSolution
		SolutionGuid = {EBF5DBCE-3275-4922-A99B-DEFDECF3F668}
	EndGlobalSection
EndGlobal
